
Microsoft Visual Studio Solution File, Format Version 12.00
# Visual Studio Version 17
VisualStudioVersion = 17.14.36414.22 d17.14
MinimumVisualStudioVersion = 10.0.40219.1
Project("{FAE04EC0-301F-11D3-BF4B-00C04F79EFBC}") = "RemarkableSleepScreenManager", "RemarkableSleepScreenManager.csproj", "{46DB24CC-6720-FFC6-B506-FA55D1D225A3}"
EndProject
Global
	GlobalSection(SolutionConfigurationPlatforms) = preSolution
		Debug|Any CPU = Debug|Any CPU
		Release|Any CPU = Release|Any CPU
	EndGlobalSection
	GlobalSection(ProjectConfigurationPlatforms) = postSolution
		{46DB24CC-6720-FFC6-B506-FA55D1D225A3}.Debug|Any CPU.ActiveCfg = Debug|Any CPU
		{46DB24CC-6720-FFC6-B506-FA55D1D225A3}.Debug|Any CPU.Build.0 = Debug|Any CPU
		{46DB24CC-6720-FFC6-B506-FA55D1D225A3}.Release|Any CPU.ActiveCfg = Release|Any CPU
		{46DB24CC-6720-FFC6-B506-FA55D1D225A3}.Release|Any CPU.Build.0 = Release|Any CPU
	EndGlobalSection
	GlobalSection(SolutionProperties) = preSolution
		HideSolutionNode = FALSE
	EndGlobalSection
	GlobalSection(ExtensibilityGlobals) = postSolution
		SolutionGuid = {72E90483-2C6B-49CE-9B86-E7A65F6CCB82}
	EndGlobalSection
EndGlobal
